
Microsoft Visual Studio Solution File, Format Version 12.00
# Visual Studio Version 16
VisualStudioVersion = 16.0.30711.63
MinimumVisualStudioVersion = 10.0.40219.1
Project("{FAE04EC0-301F-11D3-BF4B-00C04F79EFBC}") = "DejuGstva", "DejuGstva\DejuGstva.csproj", "{B61EA839-9833-44F3-8E42-5F6456F371A3}"
EndProject
Global
	GlobalSection(SolutionConfigurationPlatforms) = preSolution
		Debug|Any CPU = Debug|Any CPU
		Release|Any CPU = Release|Any CPU
	EndGlobalSection
	GlobalSection(ProjectConfigurationPlatforms) = postSolution
		{B61EA839-9833-44F3-8E42-5F6456F371A3}.Debug|Any CPU.ActiveCfg = Debug|Any CPU
		{B61EA839-9833-44F3-8E42-5F6456F371A3}.Debug|Any CPU.Build.0 = Debug|Any CPU
		{B61EA839-9833-44F3-8E42-5F6456F371A3}.Release|Any CPU.ActiveCfg = Release|Any CPU
		{B61EA839-9833-44F3-8E42-5F6456F371A3}.Release|Any CPU.Build.0 = Release|Any CPU
	EndGlobalSection
	GlobalSection(SolutionProperties) = preSolution
		HideSolutionNode = FALSE
	EndGlobalSection
	GlobalSection(ExtensibilityGlobals) = postSolution
		SolutionGuid = {03563646-6141-4EEF-8296-8554BB0DD3AD}
	EndGlobalSection
EndGlobal
